Microsoft Visual Studio Solution File, Format Version 12.00
# Visual Studio 2012
Project("{FAE04EC0-301F-11D3-BF4B-00C04F79EFBC}") = "Vich&Kiks Games", "Vich&Kiks Games.csproj", "{4232255B-2AB1-4069-9BB2-12846A8CE4DE}"
EndProject
Global
	GlobalSection(SolutionConfigurationPlatforms) = preSolution
	Debug|Any CPU = Debug|Any CPU
	ExportDebug|Any CPU = ExportDebug|Any CPU
	ExportRelease|Any CPU = ExportRelease|Any CPU
	EndGlobalSection
	GlobalSection(ProjectConfigurationPlatforms) = postSolution
		{4232255B-2AB1-4069-9BB2-12846A8CE4DE}.Debug|Any CPU.ActiveCfg = Debug|Any CPU
		{4232255B-2AB1-4069-9BB2-12846A8CE4DE}.Debug|Any CPU.Build.0 = Debug|Any CPU
		{4232255B-2AB1-4069-9BB2-12846A8CE4DE}.ExportDebug|Any CPU.ActiveCfg = ExportDebug|Any CPU
		{4232255B-2AB1-4069-9BB2-12846A8CE4DE}.ExportDebug|Any CPU.Build.0 = ExportDebug|Any CPU
		{4232255B-2AB1-4069-9BB2-12846A8CE4DE}.ExportRelease|Any CPU.ActiveCfg = ExportRelease|Any CPU
		{4232255B-2AB1-4069-9BB2-12846A8CE4DE}.ExportRelease|Any CPU.Build.0 = ExportRelease|Any CPU
	EndGlobalSection
EndGlobal
